
Microsoft Visual Studio Solution File, Format Version 12.00
# Visual Studio Version 17
VisualStudioVersion = 17.11.35327.3
MinimumVisualStudioVersion = 10.0.40219.1
Project("{9A19103F-16F7-4668-BE54-9A1E7A4F7556}") = "Signup", "Signup\src\Signup\Signup.csproj", "{1CB9571E-1207-4CE4-B686-0B63F53CE0AB}"
EndProject
Project("{9A19103F-16F7-4668-BE54-9A1E7A4F7556}") = "Login", "Login\src\Login\Login.csproj", "{833D45FE-7188-4782-9674-3AAACECD9A69}"
EndProject
Global
	GlobalSection(SolutionConfigurationPlatforms) = preSolution
		Debug|Any CPU = Debug|Any CPU
		Release|Any CPU = Release|Any CPU
	EndGlobalSection
	GlobalSection(ProjectConfigurationPlatforms) = postSolution
		{1CB9571E-1207-4CE4-B686-0B63F53CE0AB}.Debug|Any CPU.ActiveCfg = Debug|Any CPU
		{1CB9571E-1207-4CE4-B686-0B63F53CE0AB}.Debug|Any CPU.Build.0 = Debug|Any CPU
		{1CB9571E-1207-4CE4-B686-0B63F53CE0AB}.Release|Any CPU.ActiveCfg = Release|Any CPU
		{1CB9571E-1207-4CE4-B686-0B63F53CE0AB}.Release|Any CPU.Build.0 = Release|Any CPU
		{833D45FE-7188-4782-9674-3AAACECD9A69}.Debug|Any CPU.ActiveCfg = Debug|Any CPU
		{833D45FE-7188-4782-9674-3AAACECD9A69}.Debug|Any CPU.Build.0 = Debug|Any CPU
		{833D45FE-7188-4782-9674-3AAACECD9A69}.Release|Any CPU.ActiveCfg = Release|Any CPU
		{833D45FE-7188-4782-9674-3AAACECD9A69}.Release|Any CPU.Build.0 = Release|Any CPU
	EndGlobalSection
	GlobalSection(SolutionProperties) = preSolution
		HideSolutionNode = FALSE
	EndGlobalSection
	GlobalSection(ExtensibilityGlobals) = postSolution
		SolutionGuid = {83BD2E91-34C6-426A-A3A5-A63935D120B6}
	EndGlobalSection
EndGlobal
